{
  "version": 1,
  "dependencies": {
    "net10.0-windows7.0": {
      "wingpudoctor.core": {
        "type": "Project"
      },
      "wingpudoctor.protocol": {
        "type": "Project",
        "dependencies": {
          "WinGPUDoctor.Core": "[0.1.0, )"
        }
      },
      "wingpudoctor.supervisor": {
        "type": "Project",
        "dependencies": {
          "WinGPUDoctor.Core": "[0.1.0, )",
          "WinGPUDoctor.Protocol": "[0.1.0, )"
        }
      }
    }
  }
}